{
  "originHash" : "c74021df5b38d7dc75e3c95968fff6c04eabb3c2ccdb2c03d36eb4cffd9504b1",
  "pins" : [
    {
      "identity" : "sdwebimage",
      "kind" : "remoteSourceControl",
      "location" : "git@github.com:SDWebImage/SDWebImage.git",
      "state" : {
        "revision" : "be0bcd7823ce56629948491f2eaeaa19979514f7",
        "version" : "5.19.4"
      }
    }
  ],
  "version" : 3
}
