// !$*UTF8*$!
{
	archiveVersion = 1;
	classes = {
	};
	objectVersion = 56;
	objects = {

/* Begin PBXBuildFile section */
		E00BD7352C4C037E0065558D /* DownloadsViewController.swift in Sources */ = {isa = PBXBuildFile; fileRef = E00BD7342C4C037E0065558D /* DownloadsViewController.swift */; };
		E06ABD882C4CC02E0038F2DB /* HeroHeaderUIView.swift in Sources */ = {isa = PBXBuildFile; fileRef = E06ABD872C4CC02E0038F2DB /* HeroHeaderUIView.swift */; };
		E06ABD8A2C4CF5B60038F2DB /* APICaller.swift in Sources */ = {isa = PBXBuildFile; fileRef = E06ABD892C4CF5B60038F2DB /* APICaller.swift */; };
		E06ABD8C2C4D12080038F2DB /* Title.swift in Sources */ = {isa = PBXBuildFile; fileRef = E06ABD8B2C4D12080038F2DB /* Title.swift */; };
		E06ABD8E2C4D158A0038F2DB /* Extentions.swift in Sources */ = {isa = PBXBuildFile; fileRef = E06ABD8D2C4D158A0038F2DB /* Extentions.swift */; };
		E06ABD932C4D46A90038F2DB /* SDWebImage in Frameworks */ = {isa = PBXBuildFile; productRef = E06ABD922C4D46A90038F2DB /* SDWebImage */; };
		E06ABD952C4D46A90038F2DB /* SDWebImageMapKit in Frameworks */ = {isa = PBXBuildFile; productRef = E06ABD942C4D46A90038F2DB /* SDWebImageMapKit */; };
		E06ABD972C4D48530038F2DB /* TitleCollectionViewCell.swift in Sources */ = {isa = PBXBuildFile; fileRef = E06ABD962C4D48530038F2DB /* TitleCollectionViewCell.swift */; };
		E0A947452C4C0E4A00EECB37 /* CollectionViewTableViewCell.swift in Sources */ = {isa = PBXBuildFile; fileRef = E0A947442C4C0E4A00EECB37 /* CollectionViewTableViewCell.swift */; };
		E0C8DC3D2C4A72A40098568A /* AppDelegate.swift in Sources */ = {isa = PBXBuildFile; fileRef = E0C8DC3C2C4A72A40098568A /* AppDelegate.swift */; };
		E0C8DC3F2C4A72A40098568A /* SceneDelegate.swift in Sources */ = {isa = PBXBuildFile; fileRef = E0C8DC3E2C4A72A40098568A /* SceneDelegate.swift */; };
		E0C8DC412C4A72A40098568A /* MainTabBarViewController.swift in Sources */ = {isa = PBXBuildFile; fileRef = E0C8DC402C4A72A40098568A /* MainTabBarViewController.swift */; };
		E0C8DC462C4A72A50098568A /* Assets.xcassets in Resources */ = {isa = PBXBuildFile; fileRef = E0C8DC452C4A72A50098568A /* Assets.xcassets */; };
		E0C8DC542C4A72A60098568A /* NeflixClonTests.swift in Sources */ = {isa = PBXBuildFile; fileRef = E0C8DC532C4A72A60098568A /* NeflixClonTests.swift */; };
		E0C8DC5E2C4A72A60098568A /* NeflixClonUITests.swift in Sources */ = {isa = PBXBuildFile; fileRef = E0C8DC5D2C4A72A60098568A /* NeflixClonUITests.swift */; };
		E0C8DC602C4A72A60098568A /* NeflixClonUITestsLaunchTests.swift in Sources */ = {isa = PBXBuildFile; fileRef = E0C8DC5F2C4A72A60098568A /* NeflixClonUITestsLaunchTests.swift */; };
		E0C8DC6E2C4A77240098568A /* HomeViewController.swift in Sources */ = {isa = PBXBuildFile; fileRef = E0C8DC6D2C4A77240098568A /* HomeViewController.swift */; };
		E0C8DC702C4A77840098568A /* UpcomingViewController.swift in Sources */ = {isa = PBXBuildFile; fileRef = E0C8DC6F2C4A77840098568A /* UpcomingViewController.swift */; };
		E0C8DC722C4A77A70098568A /* SearchViewController.swift in Sources */ = {isa = PBXBuildFile; fileRef = E0C8DC712C4A77A70098568A /* SearchViewController.swift */; };
/* End PBXBuildFile section */

/* Begin PBXContainerItemProxy section */
		E0C8DC502C4A72A60098568A /* PBXContainerItemProxy */ = {
			isa = PBXContainerItemProxy;
			containerPortal = E0C8DC312C4A72A40098568A /* Project object */;
			proxyType = 1;
			remoteGlobalIDString = E0C8DC382C4A72A40098568A;
			remoteInfo = NeflixClon;
		};
		E0C8DC5A2C4A72A60098568A /* PBXContainerItemProxy */ = {
			isa = PBXContainerItemProxy;
			containerPortal = E0C8DC312C4A72A40098568A /* Project object */;
			proxyType = 1;
			remoteGlobalIDString = E0C8DC382C4A72A40098568A;
			remoteInfo = NeflixClon;
		};
/* End PBXContainerItemProxy section */

/* Begin PBXFileReference section */
		E00BD7342C4C037E0065558D /* DownloadsViewController.swift */ = {isa = PBXFileReference; lastKnownFileType = sourcecode.swift; path = DownloadsViewController.swift; sourceTree = "<group>"; };
		E06ABD872C4CC02E0038F2DB /* HeroHeaderUIView.swift */ = {isa = PBXFileReference; lastKnownFileType = sourcecode.swift; path = HeroHeaderUIView.swift; sourceTree = "<group>"; };
		E06ABD892C4CF5B60038F2DB /* APICaller.swift */ = {isa = PBXFileReference; lastKnownFileType = sourcecode.swift; path = APICaller.swift; sourceTree = "<group>"; };
		E06ABD8B2C4D12080038F2DB /* Title.swift */ = {isa = PBXFileReference; lastKnownFileType = sourcecode.swift; path = Title.swift; sourceTree = "<group>"; };
		E06ABD8D2C4D158A0038F2DB /* Extentions.swift */ = {isa = PBXFileReference; lastKnownFileType = sourcecode.swift; path = Extentions.swift; sourceTree = "<group>"; };
		E06ABD962C4D48530038F2DB /* TitleCollectionViewCell.swift */ = {isa = PBXFileReference; lastKnownFileType = sourcecode.swift; path = TitleCollectionViewCell.swift; sourceTree = "<group>"; };
		E0A947442C4C0E4A00EECB37 /* CollectionViewTableViewCell.swift */ = {isa = PBXFileReference; lastKnownFileType = sourcecode.swift; path = CollectionViewTableViewCell.swift; sourceTree = "<group>"; };
		E0C8DC392C4A72A40098568A /* NeflixClon.app */ = {isa = PBXFileReference; explicitFileType = wrapper.application; includeInIndex = 0; path = NeflixClon.app; sourceTree = BUILT_PRODUCTS_DIR; };
		E0C8DC3C2C4A72A40098568A /* AppDelegate.swift */ = {isa = PBXFileReference; lastKnownFileType = sourcecode.swift; path = AppDelegate.swift; sourceTree = "<group>"; };
		E0C8DC3E2C4A72A40098568A /* SceneDelegate.swift */ = {isa = PBXFileReference; lastKnownFileType = sourcecode.swift; path = SceneDelegate.swift; sourceTree = "<group>"; };
		E0C8DC402C4A72A40098568A /* MainTabBarViewController.swift */ = {isa = PBXFileReference; lastKnownFileType = sourcecode.swift; path = MainTabBarViewController.swift; sourceTree = "<group>"; };
		E0C8DC452C4A72A50098568A /* Assets.xcassets */ = {isa = PBXFileReference; lastKnownFileType = folder.assetcatalog; path = Assets.xcassets; sourceTree = "<group>"; };
		E0C8DC4A2C4A72A50098568A /* Info.plist */ = {isa = PBXFileReference; lastKnownFileType = text.plist.xml; path = Info.plist; sourceTree = "<group>"; };
		E0C8DC4F2C4A72A60098568A /* NeflixClonTests.xctest */ = {isa = PBXFileReference; explicitFileType = wrapper.cfbundle; includeInIndex = 0; path = NeflixClonTests.xctest; sourceTree = BUILT_PRODUCTS_DIR; };
		E0C8DC532C4A72A60098568A /* NeflixClonTests.swift */ = {isa = PBXFileReference; lastKnownFileType = sourcecode.swift; path = NeflixClonTests.swift; sourceTree = "<group>"; };
		E0C8DC592C4A72A60098568A /* NeflixClonUITests.xctest */ = {isa = PBXFileReference; explicitFileType = wrapper.cfbundle; includeInIndex = 0; path = NeflixClonUITests.xctest; sourceTree = BUILT_PRODUCTS_DIR; };
		E0C8DC5D2C4A72A60098568A /* NeflixClonUITests.swift */ = {isa = PBXFileReference; lastKnownFileType = sourcecode.swift; path = NeflixClonUITests.swift; sourceTree = "<group>"; };
		E0C8DC5F2C4A72A60098568A /* NeflixClonUITestsLaunchTests.swift */ = {isa = PBXFileReference; lastKnownFileType = sourcecode.swift; path = NeflixClonUITestsLaunchTests.swift; sourceTree = "<group>"; };
		E0C8DC6D2C4A77240098568A /* HomeViewController.swift */ = {isa = PBXFileReference; lastKnownFileType = sourcecode.swift; path = HomeViewController.swift; sourceTree = "<group>"; };
		E0C8DC6F2C4A77840098568A /* UpcomingViewController.swift */ = {isa = PBXFileReference; lastKnownFileType = sourcecode.swift; path = UpcomingViewController.swift; sourceTree = "<group>"; };
		E0C8DC712C4A77A70098568A /* SearchViewController.swift */ = {isa = PBXFileReference; lastKnownFileType = sourcecode.swift; path = SearchViewController.swift; sourceTree = "<group>"; };
/* End PBXFileReference section */

/* Begin PBXFrameworksBuildPhase section */
		E0C8DC362C4A72A40098568A /* Frameworks */ = {
			isa = PBXFrameworksBuildPhase;
			buildActionMask = 2147483647;
			files = (
				E06ABD952C4D46A90038F2DB /* SDWebImageMapKit in Frameworks */,
				E06ABD932C4D46A90038F2DB /* SDWebImage in Frameworks */,
			);
			runOnlyForDeploymentPostprocessing = 0;
		};
		E0C8DC4C2C4A72A60098568A /* Frameworks */ = {
			isa = PBXFrameworksBuildPhase;
			buildActionMask = 2147483647;
			files = (
			);
			runOnlyForDeploymentPostprocessing = 0;
		};
		E0C8DC562C4A72A60098568A /* Frameworks */ = {
			isa = PBXFrameworksBuildPhase;
			buildActionMask = 2147483647;
			files = (
			);
			runOnlyForDeploymentPostprocessing = 0;
		};
/* End PBXFrameworksBuildPhase section */

/* Begin PBXGroup section */
		E0A9473E2C4C0D6C00EECB37 /* ViewModels */ = {
			isa = PBXGroup;
			children = (
			);
			path = ViewModels;
			sourceTree = "<group>";
		};
		E0A9473F2C4C0D7500EECB37 /* Views */ = {
			isa = PBXGroup;
			children = (
				E0A947442C4C0E4A00EECB37 /* CollectionViewTableViewCell.swift */,
				E06ABD872C4CC02E0038F2DB /* HeroHeaderUIView.swift */,
				E06ABD962C4D48530038F2DB /* TitleCollectionViewCell.swift */,
			);
			path = Views;
			sourceTree = "<group>";
		};
		E0A947412C4C0D9B00EECB37 /* Models */ = {
			isa = PBXGroup;
			children = (
				E06ABD8B2C4D12080038F2DB /* Title.swift */,
			);
			path = Models;
			sourceTree = "<group>";
		};
		E0A947422C4C0DA200EECB37 /* Resources */ = {
			isa = PBXGroup;
			children = (
				E06ABD8D2C4D158A0038F2DB /* Extentions.swift */,
			);
			path = Resources;
			sourceTree = "<group>";
		};
		E0A947432C4C0DA700EECB37 /* Managers */ = {
			isa = PBXGroup;
			children = (
				E06ABD892C4CF5B60038F2DB /* APICaller.swift */,
			);
			path = Managers;
			sourceTree = "<group>";
		};
		E0C8DC302C4A72A40098568A = {
			isa = PBXGroup;
			children = (
				E0C8DC3B2C4A72A40098568A /* NeflixClon */,
				E0C8DC522C4A72A60098568A /* NeflixClonTests */,
				E0C8DC5C2C4A72A60098568A /* NeflixClonUITests */,
				E0C8DC3A2C4A72A40098568A /* Products */,
			);
			sourceTree = "<group>";
		};
		E0C8DC3A2C4A72A40098568A /* Products */ = {
			isa = PBXGroup;
			children = (
				E0C8DC392C4A72A40098568A /* NeflixClon.app */,
				E0C8DC4F2C4A72A60098568A /* NeflixClonTests.xctest */,
				E0C8DC592C4A72A60098568A /* NeflixClonUITests.xctest */,
			);
			name = Products;
			sourceTree = "<group>";
		};
		E0C8DC3B2C4A72A40098568A /* NeflixClon */ = {
			isa = PBXGroup;
			children = (
				E0A947432C4C0DA700EECB37 /* Managers */,
				E0A947422C4C0DA200EECB37 /* Resources */,
				E0A947412C4C0D9B00EECB37 /* Models */,
				E0A9473F2C4C0D7500EECB37 /* Views */,
				E0A9473E2C4C0D6C00EECB37 /* ViewModels */,
				E0C8DC6C2C4A76E70098568A /* Controller */,
				E0C8DC3C2C4A72A40098568A /* AppDelegate.swift */,
				E0C8DC3E2C4A72A40098568A /* SceneDelegate.swift */,
				E0C8DC402C4A72A40098568A /* MainTabBarViewController.swift */,
				E0C8DC452C4A72A50098568A /* Assets.xcassets */,
				E0C8DC4A2C4A72A50098568A /* Info.plist */,
			);
			path = NeflixClon;
			sourceTree = "<group>";
		};
		E0C8DC522C4A72A60098568A /* NeflixClonTests */ = {
			isa = PBXGroup;
			children = (
				E0C8DC532C4A72A60098568A /* NeflixClonTests.swift */,
			);
			path = NeflixClonTests;
			sourceTree = "<group>";
		};
		E0C8DC5C2C4A72A60098568A /* NeflixClonUITests */ = {
			isa = PBXGroup;
			children = (
				E0C8DC5D2C4A72A60098568A /* NeflixClonUITests.swift */,
				E0C8DC5F2C4A72A60098568A /* NeflixClonUITestsLaunchTests.swift */,
			);
			path = NeflixClonUITests;
			sourceTree = "<group>";
		};
		E0C8DC6C2C4A76E70098568A /* Controller */ = {
			isa = PBXGroup;
			children = (
				E0C8DC6D2C4A77240098568A /* HomeViewController.swift */,
				E0C8DC6F2C4A77840098568A /* UpcomingViewController.swift */,
				E0C8DC712C4A77A70098568A /* SearchViewController.swift */,
				E00BD7342C4C037E0065558D /* DownloadsViewController.swift */,
			);
			path = Controller;
			sourceTree = "<group>";
		};
/* End PBXGroup section */

/* Begin PBXNativeTarget section */
		E0C8DC382C4A72A40098568A /* NeflixClon */ = {
			isa = PBXNativeTarget;
			buildConfigurationList = E0C8DC632C4A72A60098568A /* Build configuration list for PBXNativeTarget "NeflixClon" */;
			buildPhases = (
				E0C8DC352C4A72A40098568A /* Sources */,
				E0C8DC362C4A72A40098568A /* Frameworks */,
				E0C8DC372C4A72A40098568A /* Resources */,
			);
			buildRules = (
			);
			dependencies = (
			);
			name = NeflixClon;
			packageProductDependencies = (
				E06ABD922C4D46A90038F2DB /* SDWebImage */,
				E06ABD942C4D46A90038F2DB /* SDWebImageMapKit */,
			);
			productName = NeflixClon;
			productReference = E0C8DC392C4A72A40098568A /* NeflixClon.app */;
			productType = "com.apple.product-type.application";
		};
		E0C8DC4E2C4A72A60098568A /* NeflixClonTests */ = {
			isa = PBXNativeTarget;
			buildConfigurationList = E0C8DC662C4A72A60098568A /* Build configuration list for PBXNativeTarget "NeflixClonTests" */;
			buildPhases = (
				E0C8DC4B2C4A72A60098568A /* Sources */,
				E0C8DC4C2C4A72A60098568A /* Frameworks */,
				E0C8DC4D2C4A72A60098568A /* Resources */,
			);
			buildRules = (
			);
			dependencies = (
				E0C8DC512C4A72A60098568A /* PBXTargetDependency */,
			);
			name = NeflixClonTests;
			productName = NeflixClonTests;
			productReference = E0C8DC4F2C4A72A60098568A /* NeflixClonTests.xctest */;
			productType = "com.apple.product-type.bundle.unit-test";
		};
		E0C8DC582C4A72A60098568A /* NeflixClonUITests */ = {
			isa = PBXNativeTarget;
			buildConfigurationList = E0C8DC692C4A72A60098568A /* Build configuration list for PBXNativeTarget "NeflixClonUITests" */;
			buildPhases = (
				E0C8DC552C4A72A60098568A /* Sources */,
				E0C8DC562C4A72A60098568A /* Frameworks */,
				E0C8DC572C4A72A60098568A /* Resources */,
			);
			buildRules = (
			);
			dependencies = (
				E0C8DC5B2C4A72A60098568A /* PBXTargetDependency */,
			);
			name = NeflixClonUITests;
			productName = NeflixClonUITests;
			productReference = E0C8DC592C4A72A60098568A /* NeflixClonUITests.xctest */;
			productType = "com.apple.product-type.bundle.ui-testing";
		};
/* End PBXNativeTarget section */

/* Begin PBXProject section */
		E0C8DC312C4A72A40098568A /* Project object */ = {
			isa = PBXProject;
			attributes = {
				BuildIndependentTargetsInParallel = 1;
				LastSwiftUpdateCheck = 1540;
				LastUpgradeCheck = 1540;
				TargetAttributes = {
					E0C8DC382C4A72A40098568A = {
						CreatedOnToolsVersion = 15.4;
					};
					E0C8DC4E2C4A72A60098568A = {
						CreatedOnToolsVersion = 15.4;
						TestTargetID = E0C8DC382C4A72A40098568A;
					};
					E0C8DC582C4A72A60098568A = {
						CreatedOnToolsVersion = 15.4;
						TestTargetID = E0C8DC382C4A72A40098568A;
					};
				};
			};
			buildConfigurationList = E0C8DC342C4A72A40098568A /* Build configuration list for PBXProject "NeflixClon" */;
			compatibilityVersion = "Xcode 14.0";
			developmentRegion = en;
			hasScannedForEncodings = 0;
			knownRegions = (
				en,
				Base,
			);
			mainGroup = E0C8DC302C4A72A40098568A;
			packageReferences = (
				E06ABD912C4D46A90038F2DB /* XCRemoteSwiftPackageReference "SDWebImage" */,
			);
			productRefGroup = E0C8DC3A2C4A72A40098568A /* Products */;
			projectDirPath = "";
			projectRoot = "";
			targets = (
				E0C8DC382C4A72A40098568A /* NeflixClon */,
				E0C8DC4E2C4A72A60098568A /* NeflixClonTests */,
				E0C8DC582C4A72A60098568A /* NeflixClonUITests */,
			);
		};
/* End PBXProject section */

/* Begin PBXResourcesBuildPhase section */
		E0C8DC372C4A72A40098568A /* Resources */ = {
			isa = PBXResourcesBuildPhase;
			buildActionMask = 2147483647;
			files = (
				E0C8DC462C4A72A50098568A /* Assets.xcassets in Resources */,
			);
			runOnlyForDeploymentPostprocessing = 0;
		};
		E0C8DC4D2C4A72A60098568A /* Resources */ = {
			isa = PBXResourcesBuildPhase;
			buildActionMask = 2147483647;
			files = (
			);
			runOnlyForDeploymentPostprocessing = 0;
		};
		E0C8DC572C4A72A60098568A /* Resources */ = {
			isa = PBXResourcesBuildPhase;
			buildActionMask = 2147483647;
			files = (
			);
			runOnlyForDeploymentPostprocessing = 0;
		};
/* End PBXResourcesBuildPhase section */

/* Begin PBXSourcesBuildPhase section */
		E0C8DC352C4A72A40098568A /* Sources */ = {
			isa = PBXSourcesBuildPhase;
			buildActionMask = 2147483647;
			files = (
				E0C8DC722C4A77A70098568A /* SearchViewController.swift in Sources */,
				E06ABD972C4D48530038F2DB /* TitleCollectionViewCell.swift in Sources */,
				E0C8DC412C4A72A40098568A /* MainTabBarViewController.swift in Sources */,
				E0A947452C4C0E4A00EECB37 /* CollectionViewTableViewCell.swift in Sources */,
				E06ABD882C4CC02E0038F2DB /* HeroHeaderUIView.swift in Sources */,
				E00BD7352C4C037E0065558D /* DownloadsViewController.swift in Sources */,
				E0C8DC3D2C4A72A40098568A /* AppDelegate.swift in Sources */,
				E0C8DC3F2C4A72A40098568A /* SceneDelegate.swift in Sources */,
				E0C8DC702C4A77840098568A /* UpcomingViewController.swift in Sources */,
				E06ABD8E2C4D158A0038F2DB /* Extentions.swift in Sources */,
				E0C8DC6E2C4A77240098568A /* HomeViewController.swift in Sources */,
				E06ABD8C2C4D12080038F2DB /* Title.swift in Sources */,
				E06ABD8A2C4CF5B60038F2DB /* APICaller.swift in Sources */,
			);
			runOnlyForDeploymentPostprocessing = 0;
		};
		E0C8DC4B2C4A72A60098568A /* Sources */ = {
			isa = PBXSourcesBuildPhase;
			buildActionMask = 2147483647;
			files = (
				E0C8DC542C4A72A60098568A /* NeflixClonTests.swift in Sources */,
			);
			runOnlyForDeploymentPostprocessing = 0;
		};
		E0C8DC552C4A72A60098568A /* Sources */ = {
			isa = PBXSourcesBuildPhase;
			buildActionMask = 2147483647;
			files = (
				E0C8DC602C4A72A60098568A /* NeflixClonUITestsLaunchTests.swift in Sources */,
				E0C8DC5E2C4A72A60098568A /* NeflixClonUITests.swift in Sources */,
			);
			runOnlyForDeploymentPostprocessing = 0;
		};
/* End PBXSourcesBuildPhase section */

/* Begin PBXTargetDependency section */
		E0C8DC512C4A72A60098568A /* PBXTargetDependency */ = {
			isa = PBXTargetDependency;
			target = E0C8DC382C4A72A40098568A /* NeflixClon */;
			targetProxy = E0C8DC502C4A72A60098568A /* PBXContainerItemProxy */;
		};
		E0C8DC5B2C4A72A60098568A /* PBXTargetDependency */ = {
			isa = PBXTargetDependency;
			target = E0C8DC382C4A72A40098568A /* NeflixClon */;
			targetProxy = E0C8DC5A2C4A72A60098568A /* PBXContainerItemProxy */;
		};
/* End PBXTargetDependency section */

/* Begin XCBuildConfiguration section */
		E0C8DC612C4A72A60098568A /* Debug */ = {
			isa = XCBuildConfiguration;
			buildSettings = {
				ALWAYS_SEARCH_USER_PATHS = NO;
				ASSETCATALOG_COMPILER_GENERATE_SWIFT_ASSET_SYMBOL_EXTENSIONS = YES;
				CLANG_ANALYZER_NONNULL = YES;
				CLANG_ANALYZER_NUMBER_OBJECT_CONVERSION = YES_AGGRESSIVE;
				CLANG_CXX_LANGUAGE_STANDARD = "gnu++20";
				CLANG_ENABLE_MODULES = YES;
				CLANG_ENABLE_OBJC_ARC = YES;
				CLANG_ENABLE_OBJC_WEAK = YES;
				CLANG_WARN_BLOCK_CAPTURE_AUTORELEASING = YES;
				CLANG_WARN_BOOL_CONVERSION = YES;
				CLANG_WARN_COMMA = YES;
				CLANG_WARN_CONSTANT_CONVERSION = YES;
				CLANG_WARN_DEPRECATED_OBJC_IMPLEMENTATIONS = YES;
				CLANG_WARN_DIRECT_OBJC_ISA_USAGE = YES_ERROR;
				CLANG_WARN_DOCUMENTATION_COMMENTS = YES;
				CLANG_WARN_EMPTY_BODY = YES;
				CLANG_WARN_ENUM_CONVERSION = YES;
				CLANG_WARN_INFINITE_RECURSION = YES;
				CLANG_WARN_INT_CONVERSION = YES;
				CLANG_WARN_NON_LITERAL_NULL_CONVERSION = YES;
				CLANG_WARN_OBJC_IMPLICIT_RETAIN_SELF = YES;
				CLANG_WARN_OBJC_LITERAL_CONVERSION = YES;
				CLANG_WARN_OBJC_ROOT_CLASS = YES_ERROR;
				CLANG_WARN_QUOTED_INCLUDE_IN_FRAMEWORK_HEADER = YES;
				CLANG_WARN_RANGE_LOOP_ANALYSIS = YES;
				CLANG_WARN_STRICT_PROTOTYPES = YES;
				CLANG_WARN_SUSPICIOUS_MOVE = YES;
				CLANG_WARN_UNGUARDED_AVAILABILITY = YES_AGGRESSIVE;
				CLANG_WARN_UNREACHABLE_CODE = YES;
				CLANG_WARN__DUPLICATE_METHOD_MATCH = YES;
				COPY_PHASE_STRIP = NO;
				DEBUG_INFORMATION_FORMAT = dwarf;
				ENABLE_STRICT_OBJC_MSGSEND = YES;
				ENABLE_TESTABILITY = YES;
				ENABLE_USER_SCRIPT_SANDBOXING = YES;
				GCC_C_LANGUAGE_STANDARD = gnu17;
				GCC_DYNAMIC_NO_PIC = NO;
				GCC_NO_COMMON_BLOCKS = YES;
				GCC_OPTIMIZATION_LEVEL = 0;
				GCC_PREPROCESSOR_DEFINITIONS = (
					"DEBUG=1",
					"$(inherited)",
				);
				GCC_WARN_64_TO_32_BIT_CONVERSION = YES;
				GCC_WARN_ABOUT_RETURN_TYPE = YES_ERROR;
				GCC_WARN_UNDECLARED_SELECTOR = YES;
				GCC_WARN_UNINITIALIZED_AUTOS = YES_AGGRESSIVE;
				GCC_WARN_UNUSED_FUNCTION = YES;
				GCC_WARN_UNUSED_VARIABLE = YES;
				IPHONEOS_DEPLOYMENT_TARGET = 16.3;
				LOCALIZATION_PREFERS_STRING_CATALOGS = YES;
				MTL_ENABLE_DEBUG_INFO = INCLUDE_SOURCE;
				MTL_FAST_MATH = YES;
				ONLY_ACTIVE_ARCH = YES;
				SDKROOT = iphoneos;
				SWIFT_ACTIVE_COMPILATION_CONDITIONS = "DEBUG $(inherited)";
				SWIFT_OPTIMIZATION_LEVEL = "-Onone";
			};
			name = Debug;
		};
		E0C8DC622C4A72A60098568A /* Release */ = {
			isa = XCBuildConfiguration;
			buildSettings = {
				ALWAYS_SEARCH_USER_PATHS = NO;
				ASSETCATALOG_COMPILER_GENERATE_SWIFT_ASSET_SYMBOL_EXTENSIONS = YES;
				CLANG_ANALYZER_NONNULL = YES;
				CLANG_ANALYZER_NUMBER_OBJECT_CONVERSION = YES_AGGRESSIVE;
				CLANG_CXX_LANGUAGE_STANDARD = "gnu++20";
				CLANG_ENABLE_MODULES = YES;
				CLANG_ENABLE_OBJC_ARC = YES;
				CLANG_ENABLE_OBJC_WEAK = YES;
				CLANG_WARN_BLOCK_CAPTURE_AUTORELEASING = YES;
				CLANG_WARN_BOOL_CONVERSION = YES;
				CLANG_WARN_COMMA = YES;
				CLANG_WARN_CONSTANT_CONVERSION = YES;
				CLANG_WARN_DEPRECATED_OBJC_IMPLEMENTATIONS = YES;
				CLANG_WARN_DIRECT_OBJC_ISA_USAGE = YES_ERROR;
				CLANG_WARN_DOCUMENTATION_COMMENTS = YES;
				CLANG_WARN_EMPTY_BODY = YES;
				CLANG_WARN_ENUM_CONVERSION = YES;
				CLANG_WARN_INFINITE_RECURSION = YES;
				CLANG_WARN_INT_CONVERSION = YES;
				CLANG_WARN_NON_LITERAL_NULL_CONVERSION = YES;
				CLANG_WARN_OBJC_IMPLICIT_RETAIN_SELF = YES;
				CLANG_WARN_OBJC_LITERAL_CONVERSION = YES;
				CLANG_WARN_OBJC_ROOT_CLASS = YES_ERROR;
				CLANG_WARN_QUOTED_INCLUDE_IN_FRAMEWORK_HEADER = YES;
				CLANG_WARN_RANGE_LOOP_ANALYSIS = YES;
				CLANG_WARN_STRICT_PROTOTYPES = YES;
				CLANG_WARN_SUSPICIOUS_MOVE = YES;
				CLANG_WARN_UNGUARDED_AVAILABILITY = YES_AGGRESSIVE;
				CLANG_WARN_UNREACHABLE_CODE = YES;
				CLANG_WARN__DUPLICATE_METHOD_MATCH = YES;
				COPY_PHASE_STRIP = NO;
				DEBUG_INFORMATION_FORMAT = "dwarf-with-dsym";
				ENABLE_NS_ASSERTIONS = NO;
				ENABLE_STRICT_OBJC_MSGSEND = YES;
				ENABLE_USER_SCRIPT_SANDBOXING = YES;
				GCC_C_LANGUAGE_STANDARD = gnu17;
				GCC_NO_COMMON_BLOCKS = YES;
				GCC_WARN_64_TO_32_BIT_CONVERSION = YES;
				GCC_WARN_ABOUT_RETURN_TYPE = YES_ERROR;
				GCC_WARN_UNDECLARED_SELECTOR = YES;
				GCC_WARN_UNINITIALIZED_AUTOS = YES_AGGRESSIVE;
				GCC_WARN_UNUSED_FUNCTION = YES;
				GCC_WARN_UNUSED_VARIABLE = YES;
				IPHONEOS_DEPLOYMENT_TARGET = 16.3;
				LOCALIZATION_PREFERS_STRING_CATALOGS = YES;
				MTL_ENABLE_DEBUG_INFO = NO;
				MTL_FAST_MATH = YES;
				SDKROOT = iphoneos;
				SWIFT_COMPILATION_MODE = wholemodule;
				VALIDATE_PRODUCT = YES;
			};
			name = Release;
		};
		E0C8DC642C4A72A60098568A /* Debug */ = {
			isa = XCBuildConfiguration;
			buildSettings = {
				ASSETCATALOG_COMPILER_APPICON_NAME = AppIcon;
				ASSETCATALOG_COMPILER_GLOBAL_ACCENT_COLOR_NAME = AccentColor;
				CODE_SIGN_STYLE = Automatic;
				CURRENT_PROJECT_VERSION = 1;
				DEVELOPMENT_TEAM = 28D2WW589Z;
				GENERATE_INFOPLIST_FILE = YES;
				INFOPLIST_FILE = NeflixClon/Info.plist;
				INFOPLIST_KEY_UIApplicationSupportsIndirectInputEvents = YES;
				INFOPLIST_KEY_UILaunchStoryboardName = LaunchScreen;
				INFOPLIST_KEY_UISupportedInterfaceOrientations_iPad = "UIInterfaceOrientationPortrait UIInterfaceOrientationPortraitUpsideDown UIInterfaceOrientationLandscapeLeft UIInterfaceOrientationLandscapeRight";
				INFOPLIST_KEY_UISupportedInterfaceOrientations_iPhone = "UIInterfaceOrientationPortrait UIInterfaceOrientationLandscapeLeft UIInterfaceOrientationLandscapeRight";
				LD_RUNPATH_SEARCH_PATHS = (
					"$(inherited)",
					"@executable_path/Frameworks",
				);
				MARKETING_VERSION = 1.0;
				PRODUCT_BUNDLE_IDENTIFIER = com.learning.NeflixClon;
				PRODUCT_NAME = "$(TARGET_NAME)";
				SUPPORTED_PLATFORMS = "iphoneos iphonesimulator";
				SUPPORTS_MACCATALYST = NO;
				SUPPORTS_XR_DESIGNED_FOR_IPHONE_IPAD = NO;
				SWIFT_EMIT_LOC_STRINGS = YES;
				SWIFT_VERSION = 5.0;
				TARGETED_DEVICE_FAMILY = "1,2";
			};
			name = Debug;
		};
		E0C8DC652C4A72A60098568A /* Release */ = {
			isa = XCBuildConfiguration;
			buildSettings = {
				ASSETCATALOG_COMPILER_APPICON_NAME = AppIcon;
				ASSETCATALOG_COMPILER_GLOBAL_ACCENT_COLOR_NAME = AccentColor;
				CODE_SIGN_STYLE = Automatic;
				CURRENT_PROJECT_VERSION = 1;
				DEVELOPMENT_TEAM = 28D2WW589Z;
				GENERATE_INFOPLIST_FILE = YES;
				INFOPLIST_FILE = NeflixClon/Info.plist;
				INFOPLIST_KEY_UIApplicationSupportsIndirectInputEvents = YES;
				INFOPLIST_KEY_UILaunchStoryboardName = LaunchScreen;
				INFOPLIST_KEY_UISupportedInterfaceOrientations_iPad = "UIInterfaceOrientationPortrait UIInterfaceOrientationPortraitUpsideDown UIInterfaceOrientationLandscapeLeft UIInterfaceOrientationLandscapeRight";
				INFOPLIST_KEY_UISupportedInterfaceOrientations_iPhone = "UIInterfaceOrientationPortrait UIInterfaceOrientationLandscapeLeft UIInterfaceOrientationLandscapeRight";
				LD_RUNPATH_SEARCH_PATHS = (
					"$(inherited)",
					"@executable_path/Frameworks",
				);
				MARKETING_VERSION = 1.0;
				PRODUCT_BUNDLE_IDENTIFIER = com.learning.NeflixClon;
				PRODUCT_NAME = "$(TARGET_NAME)";
				SUPPORTED_PLATFORMS = "iphoneos iphonesimulator";
				SUPPORTS_MACCATALYST = NO;
				SUPPORTS_XR_DESIGNED_FOR_IPHONE_IPAD = NO;
				SWIFT_EMIT_LOC_STRINGS = YES;
				SWIFT_VERSION = 5.0;
				TARGETED_DEVICE_FAMILY = "1,2";
			};
			name = Release;
		};
		E0C8DC672C4A72A60098568A /* Debug */ = {
			isa = XCBuildConfiguration;
			buildSettings = {
				ALWAYS_EMBED_SWIFT_STANDARD_LIBRARIES = YES;
				BUNDLE_LOADER = "$(TEST_HOST)";
				CODE_SIGN_STYLE = Automatic;
				CURRENT_PROJECT_VERSION = 1;
				DEVELOPMENT_TEAM = 28D2WW589Z;
				GENERATE_INFOPLIST_FILE = YES;
				IPHONEOS_DEPLOYMENT_TARGET = 17.5;
				MARKETING_VERSION = 1.0;
				PRODUCT_BUNDLE_IDENTIFIER = com.learning.NeflixClonTests;
				PRODUCT_NAME = "$(TARGET_NAME)";
				SWIFT_EMIT_LOC_STRINGS = NO;
				SWIFT_VERSION = 5.0;
				TARGETED_DEVICE_FAMILY = "1,2";
				TEST_HOST = "$(BUILT_PRODUCTS_DIR)/NeflixClon.app/$(BUNDLE_EXECUTABLE_FOLDER_PATH)/NeflixClon";
			};
			name = Debug;
		};
		E0C8DC682C4A72A60098568A /* Release */ = {
			isa = XCBuildConfiguration;
			buildSettings = {
				ALWAYS_EMBED_SWIFT_STANDARD_LIBRARIES = YES;
				BUNDLE_LOADER = "$(TEST_HOST)";
				CODE_SIGN_STYLE = Automatic;
				CURRENT_PROJECT_VERSION = 1;
				DEVELOPMENT_TEAM = 28D2WW589Z;
				GENERATE_INFOPLIST_FILE = YES;
				IPHONEOS_DEPLOYMENT_TARGET = 17.5;
				MARKETING_VERSION = 1.0;
				PRODUCT_BUNDLE_IDENTIFIER = com.learning.NeflixClonTests;
				PRODUCT_NAME = "$(TARGET_NAME)";
				SWIFT_EMIT_LOC_STRINGS = NO;
				SWIFT_VERSION = 5.0;
				TARGETED_DEVICE_FAMILY = "1,2";
				TEST_HOST = "$(BUILT_PRODUCTS_DIR)/NeflixClon.app/$(BUNDLE_EXECUTABLE_FOLDER_PATH)/NeflixClon";
			};
			name = Release;
		};
		E0C8DC6A2C4A72A60098568A /* Debug */ = {
			isa = XCBuildConfiguration;
			buildSettings = {
				ALWAYS_EMBED_SWIFT_STANDARD_LIBRARIES = YES;
				CODE_SIGN_STYLE = Automatic;
				CURRENT_PROJECT_VERSION = 1;
				DEVELOPMENT_TEAM = 28D2WW589Z;
				GENERATE_INFOPLIST_FILE = YES;
				MARKETING_VERSION = 1.0;
				PRODUCT_BUNDLE_IDENTIFIER = com.learning.NeflixClonUITests;
				PRODUCT_NAME = "$(TARGET_NAME)";
				SWIFT_EMIT_LOC_STRINGS = NO;
				SWIFT_VERSION = 5.0;
				TARGETED_DEVICE_FAMILY = "1,2";
				TEST_TARGET_NAME = NeflixClon;
			};
			name = Debug;
		};
		E0C8DC6B2C4A72A60098568A /* Release */ = {
			isa = XCBuildConfiguration;
			buildSettings = {
				ALWAYS_EMBED_SWIFT_STANDARD_LIBRARIES = YES;
				CODE_SIGN_STYLE = Automatic;
				CURRENT_PROJECT_VERSION = 1;
				DEVELOPMENT_TEAM = 28D2WW589Z;
				GENERATE_INFOPLIST_FILE = YES;
				MARKETING_VERSION = 1.0;
				PRODUCT_BUNDLE_IDENTIFIER = com.learning.NeflixClonUITests;
				PRODUCT_NAME = "$(TARGET_NAME)";
				SWIFT_EMIT_LOC_STRINGS = NO;
				SWIFT_VERSION = 5.0;
				TARGETED_DEVICE_FAMILY = "1,2";
				TEST_TARGET_NAME = NeflixClon;
			};
			name = Release;
		};
/* End XCBuildConfiguration section */

/* Begin XCConfigurationList section */
		E0C8DC342C4A72A40098568A /* Build configuration list for PBXProject "NeflixClon" */ = {
			isa = XCConfigurationList;
			buildConfigurations = (
				E0C8DC612C4A72A60098568A /* Debug */,
				E0C8DC622C4A72A60098568A /* Release */,
			);
			defaultConfigurationIsVisible = 0;
			defaultConfigurationName = Release;
		};
		E0C8DC632C4A72A60098568A /* Build configuration list for PBXNativeTarget "NeflixClon" */ = {
			isa = XCConfigurationList;
			buildConfigurations = (
				E0C8DC642C4A72A60098568A /* Debug */,
				E0C8DC652C4A72A60098568A /* Release */,
			);
			defaultConfigurationIsVisible = 0;
			defaultConfigurationName = Release;
		};
		E0C8DC662C4A72A60098568A /* Build configuration list for PBXNativeTarget "NeflixClonTests" */ = {
			isa = XCConfigurationList;
			buildConfigurations = (
				E0C8DC672C4A72A60098568A /* Debug */,
				E0C8DC682C4A72A60098568A /* Release */,
			);
			defaultConfigurationIsVisible = 0;
			defaultConfigurationName = Release;
		};
		E0C8DC692C4A72A60098568A /* Build configuration list for PBXNativeTarget "NeflixClonUITests" */ = {
			isa = XCConfigurationList;
			buildConfigurations = (
				E0C8DC6A2C4A72A60098568A /* Debug */,
				E0C8DC6B2C4A72A60098568A /* Release */,
			);
			defaultConfigurationIsVisible = 0;
			defaultConfigurationName = Release;
		};
/* End XCConfigurationList section */

/* Begin XCRemoteSwiftPackageReference section */
		E06ABD912C4D46A90038F2DB /* XCRemoteSwiftPackageReference "SDWebImage" */ = {
			isa = XCRemoteSwiftPackageReference;
			repositoryURL = "git@github.com:SDWebImage/SDWebImage.git";
			requirement = {
				kind = upToNextMajorVersion;
				minimumVersion = 5.19.4;
			};
		};
/* End XCRemoteSwiftPackageReference section */

/* Begin XCSwiftPackageProductDependency section */
		E06ABD922C4D46A90038F2DB /* SDWebImage */ = {
			isa = XCSwiftPackageProductDependency;
			package = E06ABD912C4D46A90038F2DB /* XCRemoteSwiftPackageReference "SDWebImage" */;
			productName = SDWebImage;
		};
		E06ABD942C4D46A90038F2DB /* SDWebImageMapKit */ = {
			isa = XCSwiftPackageProductDependency;
			package = E06ABD912C4D46A90038F2DB /* XCRemoteSwiftPackageReference "SDWebImage" */;
			productName = SDWebImageMapKit;
		};
/* End XCSwiftPackageProductDependency section */
	};
	rootObject = E0C8DC312C4A72A40098568A /* Project object */;
}
